// !$*UTF8*$!
{
	archiveVersion = 1;
	classes = {
	};
	objectVersion = 48;
	objects = {

/* Begin PBXBuildFile section */
		3742EB37206357CB004DFB85 /* AppDelegate.swift in Sources */ = {isa = PBXBuildFile; fileRef = 3742EB36206357CB004DFB85 /* AppDelegate.swift */; };
		3742EB39206357CB004DFB85 /* ViewController.swift in Sources */ = {isa = PBXBuildFile; fileRef = 3742EB38206357CB004DFB85 /* ViewController.swift */; };
		3742EB3C206357CB004DFB85 /* Main.storyboard in Resources */ = {isa = PBXBuildFile; fileRef = 3742EB3A206357CB004DFB85 /* Main.storyboard */; };
		3742EB3E206357CB004DFB85 /* Assets.xcassets in Resources */ = {isa = PBXBuildFile; fileRef = 3742EB3D206357CB004DFB85 /* Assets.xcassets */; };
		3742EB41206357CB004DFB85 /* LaunchScreen.storyboard in Resources */ = {isa = PBXBuildFile; fileRef = 3742EB3F206357CB004DFB85 /* LaunchScreen.storyboard */; };
		3742EB4C206357CB004DFB85 /* SDToastToolDemoTests.swift in Sources */ = {isa = PBXBuildFile; fileRef = 3742EB4B206357CB004DFB85 /* SDToastToolDemoTests.swift */; };
		3742EB57206357CB004DFB85 /* SDToastToolDemoUITests.swift in Sources */ = {isa = PBXBuildFile; fileRef = 3742EB56206357CB004DFB85 /* SDToastToolDemoUITests.swift */; };
/* End PBXBuildFile section */

/* Begin PBXContainerItemProxy section */
		3742EB48206357CB004DFB85 /* PBXContainerItemProxy */ = {
			isa = PBXContainerItemProxy;
			containerPortal = 3742EB2B206357CB004DFB85 /* Project object */;
			proxyType = 1;
			remoteGlobalIDString = 3742EB32206357CB004DFB85;
			remoteInfo = SDToastToolDemo;
		};
		3742EB53206357CB004DFB85 /* PBXContainerItemProxy */ = {
			isa = PBXContainerItemProxy;
			containerPortal = 3742EB2B206357CB004DFB85 /* Project object */;
			proxyType = 1;
			remoteGlobalIDString = 3742EB32206357CB004DFB85;
			remoteInfo = SDToastToolDemo;
		};
/* End PBXContainerItemProxy section */

/* Begin PBXFileReference section */
		3742EB33206357CB004DFB85 /* SDToastToolDemo.app */ = {isa = PBXFileReference; explicitFileType = wrapper.application; includeInIndex = 0; path = SDToastToolDemo.app; sourceTree = BUILT_PRODUCTS_DIR; };
		3742EB36206357CB004DFB85 /* AppDelegate.swift */ = {isa = PBXFileReference; lastKnownFileType = sourcecode.swift; path = AppDelegate.swift; sourceTree = "<group>"; };
		3742EB38206357CB004DFB85 /* ViewController.swift */ = {isa = PBXFileReference; lastKnownFileType = sourcecode.swift; path = ViewController.swift; sourceTree = "<group>"; };
		3742EB3B206357CB004DFB85 /* Base */ = {isa = PBXFileReference; lastKnownFileType = file.storyboard; name = Base; path = Base.lproj/Main.storyboard; sourceTree = "<group>"; };
		3742EB3D206357CB004DFB85 /* Assets.xcassets */ = {isa = PBXFileReference; lastKnownFileType = folder.assetcatalog; path = Assets.xcassets; sourceTree = "<group>"; };
		3742EB40206357CB004DFB85 /* Base */ = {isa = PBXFileReference; lastKnownFileType = file.storyboard; name = Base; path = Base.lproj/LaunchScreen.storyboard; sourceTree = "<group>"; };
		3742EB42206357CB004DFB85 /* Info.plist */ = {isa = PBXFileReference; lastKnownFileType = text.plist.xml; path = Info.plist; sourceTree = "<group>"; };
		3742EB47206357CB004DFB85 /* SDToastToolDemoTests.xctest */ = {isa = PBXFileReference; explicitFileType = wrapper.cfbundle; includeInIndex = 0; path = SDToastToolDemoTests.xctest; sourceTree = BUILT_PRODUCTS_DIR; };
		3742EB4B206357CB004DFB85 /* SDToastToolDemoTests.swift */ = {isa = PBXFileReference; lastKnownFileType = sourcecode.swift; path = SDToastToolDemoTests.swift; sourceTree = "<group>"; };
		3742EB4D206357CB004DFB85 /* Info.plist */ = {isa = PBXFileReference; lastKnownFileType = text.plist.xml; path = Info.plist; sourceTree = "<group>"; };
		3742EB52206357CB004DFB85 /* SDToastToolDemoUITests.xctest */ = {isa = PBXFileReference; explicitFileType = wrapper.cfbundle; includeInIndex = 0; path = SDToastToolDemoUITests.xctest; sourceTree = BUILT_PRODUCTS_DIR; };
		3742EB56206357CB004DFB85 /* SDToastToolDemoUITests.swift */ = {isa = PBXFileReference; lastKnownFileType = sourcecode.swift; path = SDToastToolDemoUITests.swift; sourceTree = "<group>"; };
		3742EB58206357CB004DFB85 /* Info.plist */ = {isa = PBXFileReference; lastKnownFileType = text.plist.xml; path = Info.plist; sourceTree = "<group>"; };
/* End PBXFileReference section */

/* Begin PBXFrameworksBuildPhase section */
		3742EB30206357CB004DFB85 /* Frameworks */ = {
			isa = PBXFrameworksBuildPhase;
			buildActionMask = 2147483647;
			files = (
			);
			runOnlyForDeploymentPostprocessing = 0;
		};
		3742EB44206357CB004DFB85 /* Frameworks */ = {
			isa = PBXFrameworksBuildPhase;
			buildActionMask = 2147483647;
			files = (
			);
			runOnlyForDeploymentPostprocessing = 0;
		};
		3742EB4F206357CB004DFB85 /* Frameworks */ = {
			isa = PBXFrameworksBuildPhase;
			buildActionMask = 2147483647;
			files = (
			);
			runOnlyForDeploymentPostprocessing = 0;
		};
/* End PBXFrameworksBuildPhase section */

/* Begin PBXGroup section */
		3742EB2A206357CB004DFB85 = {
			isa = PBXGroup;
			children = (
				3742EB35206357CB004DFB85 /* SDToastToolDemo */,
				3742EB4A206357CB004DFB85 /* SDToastToolDemoTests */,
				3742EB55206357CB004DFB85 /* SDToastToolDemoUITests */,
				3742EB34206357CB004DFB85 /* Products */,
			);
			sourceTree = "<group>";
		};
		3742EB34206357CB004DFB85 /* Products */ = {
			isa = PBXGroup;
			children = (
				3742EB33206357CB004DFB85 /* SDToastToolDemo.app */,
				3742EB47206357CB004DFB85 /* SDToastToolDemoTests.xctest */,
				3742EB52206357CB004DFB85 /* SDToastToolDemoUITests.xctest */,
			);
			name = Products;
			sourceTree = "<group>";
		};
		3742EB35206357CB004DFB85 /* SDToastToolDemo */ = {
			isa = PBXGroup;
			children = (
				3742EB36206357CB004DFB85 /* AppDelegate.swift */,
				3742EB38206357CB004DFB85 /* ViewController.swift */,
				3742EB3A206357CB004DFB85 /* Main.storyboard */,
				3742EB3D206357CB004DFB85 /* Assets.xcassets */,
				3742EB3F206357CB004DFB85 /* LaunchScreen.storyboard */,
				3742EB42206357CB004DFB85 /* Info.plist */,
			);
			path = SDToastToolDemo;
			sourceTree = "<group>";
		};
		3742EB4A206357CB004DFB85 /* SDToastToolDemoTests */ = {
			isa = PBXGroup;
			children = (
				3742EB4B206357CB004DFB85 /* SDToastToolDemoTests.swift */,
				3742EB4D206357CB004DFB85 /* Info.plist */,
			);
			path = SDToastToolDemoTests;
			sourceTree = "<group>";
		};
		3742EB55206357CB004DFB85 /* SDToastToolDemoUITests */ = {
			isa = PBXGroup;
			children = (
				3742EB56206357CB004DFB85 /* SDToastToolDemoUITests.swift */,
				3742EB58206357CB004DFB85 /* Info.plist */,
			);
			path = SDToastToolDemoUITests;
			sourceTree = "<group>";
		};
/* End PBXGroup section */

/* Begin PBXNativeTarget section */
		3742EB32206357CB004DFB85 /* SDToastToolDemo */ = {
			isa = PBXNativeTarget;
			buildConfigurationList = 3742EB5B206357CB004DFB85 /* Build configuration list for PBXNativeTarget "SDToastToolDemo" */;
			buildPhases = (
				3742EB2F206357CB004DFB85 /* Sources */,
				3742EB30206357CB004DFB85 /* Frameworks */,
				3742EB31206357CB004DFB85 /* Resources */,
			);
			buildRules = (
			);
			dependencies = (
			);
			name = SDToastToolDemo;
			productName = SDToastToolDemo;
			productReference = 3742EB33206357CB004DFB85 /* SDToastToolDemo.app */;
			productType = "com.apple.product-type.application";
		};
		3742EB46206357CB004DFB85 /* SDToastToolDemoTests */ = {
			isa = PBXNativeTarget;
			buildConfigurationList = 3742EB5E206357CB004DFB85 /* Build configuration list for PBXNativeTarget "SDToastToolDemoTests" */;
			buildPhases = (
				3742EB43206357CB004DFB85 /* Sources */,
				3742EB44206357CB004DFB85 /* Frameworks */,
				3742EB45206357CB004DFB85 /* Resources */,
			);
			buildRules = (
			);
			dependencies = (
				3742EB49206357CB004DFB85 /* PBXTargetDependency */,
			);
			name = SDToastToolDemoTests;
			productName = SDToastToolDemoTests;
			productReference = 3742EB47206357CB004DFB85 /* SDToastToolDemoTests.xctest */;
			productType = "com.apple.product-type.bundle.unit-test";
		};
		3742EB51206357CB004DFB85 /* SDToastToolDemoUITests */ = {
			isa = PBXNativeTarget;
			buildConfigurationList = 3742EB61206357CB004DFB85 /* Build configuration list for PBXNativeTarget "SDToastToolDemoUITests" */;
			buildPhases = (
				3742EB4E206357CB004DFB85 /* Sources */,
				3742EB4F206357CB004DFB85 /* Frameworks */,
				3742EB50206357CB004DFB85 /* Resources */,
			);
			buildRules = (
			);
			dependencies = (
				3742EB54206357CB004DFB85 /* PBXTargetDependency */,
			);
			name = SDToastToolDemoUITests;
			productName = SDToastToolDemoUITests;
			productReference = 3742EB52206357CB004DFB85 /* SDToastToolDemoUITests.xctest */;
			productType = "com.apple.product-type.bundle.ui-testing";
		};
/* End PBXNativeTarget section */

/* Begin PBXProject section */
		3742EB2B206357CB004DFB85 /* Project object */ = {
			isa = PBXProject;
			attributes = {
				LastSwiftUpdateCheck = 0920;
				LastUpgradeCheck = 0920;
				ORGANIZATIONNAME = pangxiang;
				TargetAttributes = {
					3742EB32206357CB004DFB85 = {
						CreatedOnToolsVersion = 9.2;
						ProvisioningStyle = Automatic;
					};
					3742EB46206357CB004DFB85 = {
						CreatedOnToolsVersion = 9.2;
						ProvisioningStyle = Automatic;
						TestTargetID = 3742EB32206357CB004DFB85;
					};
					3742EB51206357CB004DFB85 = {
						CreatedOnToolsVersion = 9.2;
						ProvisioningStyle = Automatic;
						TestTargetID = 3742EB32206357CB004DFB85;
					};
				};
			};
			buildConfigurationList = 3742EB2E206357CB004DFB85 /* Build configuration list for PBXProject "SDToastToolDemo" */;
			compatibilityVersion = "Xcode 8.0";
			developmentRegion = en;
			hasScannedForEncodings = 0;
			knownRegions = (
				en,
				Base,
			);
			mainGroup = 3742EB2A206357CB004DFB85;
			productRefGroup = 3742EB34206357CB004DFB85 /* Products */;
			projectDirPath = "";
			projectRoot = "";
			targets = (
				3742EB32206357CB004DFB85 /* SDToastToolDemo */,
				3742EB46206357CB004DFB85 /* SDToastToolDemoTests */,
				3742EB51206357CB004DFB85 /* SDToastToolDemoUITests */,
			);
		};
/* End PBXProject section */

/* Begin PBXResourcesBuildPhase section */
		3742EB31206357CB004DFB85 /* Resources */ = {
			isa = PBXResourcesBuildPhase;
			buildActionMask = 2147483647;
			files = (
				3742EB41206357CB004DFB85 /* LaunchScreen.storyboard in Resources */,
				3742EB3E206357CB004DFB85 /* Assets.xcassets in Resources */,
				3742EB3C206357CB004DFB85 /* Main.storyboard in Resources */,
			);
			runOnlyForDeploymentPostprocessing = 0;
		};
		3742EB45206357CB004DFB85 /* Resources */ = {
			isa = PBXResourcesBuildPhase;
			buildActionMask = 2147483647;
			files = (
			);
			runOnlyForDeploymentPostprocessing = 0;
		};
		3742EB50206357CB004DFB85 /* Resources */ = {
			isa = PBXResourcesBuildPhase;
			buildActionMask = 2147483647;
			files = (
			);
			runOnlyForDeploymentPostprocessing = 0;
		};
/* End PBXResourcesBuildPhase section */

/* Begin PBXSourcesBuildPhase section */
		3742EB2F206357CB004DFB85 /* Sources */ = {
			isa = PBXSourcesBuildPhase;
			buildActionMask = 2147483647;
			files = (
				3742EB39206357CB004DFB85 /* ViewController.swift in Sources */,
				3742EB37206357CB004DFB85 /* AppDelegate.swift in Sources */,
			);
			runOnlyForDeploymentPostprocessing = 0;
		};
		3742EB43206357CB004DFB85 /* Sources */ = {
			isa = PBXSourcesBuildPhase;
			buildActionMask = 2147483647;
			files = (
				3742EB4C206357CB004DFB85 /* SDToastToolDemoTests.swift in Sources */,
			);
			runOnlyForDeploymentPostprocessing = 0;
		};
		3742EB4E206357CB004DFB85 /* Sources */ = {
			isa = PBXSourcesBuildPhase;
			buildActionMask = 2147483647;
			files = (
				3742EB57206357CB004DFB85 /* SDToastToolDemoUITests.swift in Sources */,
			);
			runOnlyForDeploymentPostprocessing = 0;
		};
/* End PBXSourcesBuildPhase section */

/* Begin PBXTargetDependency section */
		3742EB49206357CB004DFB85 /* PBXTargetDependency */ = {
			isa = PBXTargetDependency;
			target = 3742EB32206357CB004DFB85 /* SDToastToolDemo */;
			targetProxy = 3742EB48206357CB004DFB85 /* PBXContainerItemProxy */;
		};
		3742EB54206357CB004DFB85 /* PBXTargetDependency */ = {
			isa = PBXTargetDependency;
			target = 3742EB32206357CB004DFB85 /* SDToastToolDemo */;
			targetProxy = 3742EB53206357CB004DFB85 /* PBXContainerItemProxy */;
		};
/* End PBXTargetDependency section */

/* Begin PBXVariantGroup section */
		3742EB3A206357CB004DFB85 /* Main.storyboard */ = {
			isa = PBXVariantGroup;
			children = (
				3742EB3B206357CB004DFB85 /* Base */,
			);
			name = Main.storyboard;
			sourceTree = "<group>";
		};
		3742EB3F206357CB004DFB85 /* LaunchScreen.storyboard */ = {
			isa = PBXVariantGroup;
			children = (
				3742EB40206357CB004DFB85 /* Base */,
			);
			name = LaunchScreen.storyboard;
			sourceTree = "<group>";
		};
/* End PBXVariantGroup section */

/* Begin XCBuildConfiguration section */
		3742EB59206357CB004DFB85 /* Debug */ = {
			isa = XCBuildConfiguration;
			buildSettings = {
				ALWAYS_SEARCH_USER_PATHS = NO;
				CLANG_ANALYZER_NONNULL = YES;
				CLANG_ANALYZER_NUMBER_OBJECT_CONVERSION = YES_AGGRESSIVE;
				CLANG_CXX_LANGUAGE_STANDARD = "gnu++14";
				CLANG_CXX_LIBRARY = "libc++";
				CLANG_ENABLE_MODULES = YES;
				CLANG_ENABLE_OBJC_ARC = YES;
				CLANG_WARN_BLOCK_CAPTURE_AUTORELEASING = YES;
				CLANG_WARN_BOOL_CONVERSION = YES;
				CLANG_WARN_COMMA = YES;
				CLANG_WARN_CONSTANT_CONVERSION = YES;
				CLANG_WARN_DIRECT_OBJC_ISA_USAGE = YES_ERROR;
				CLANG_WARN_DOCUMENTATION_COMMENTS = YES;
				CLANG_WARN_EMPTY_BODY = YES;
				CLANG_WARN_ENUM_CONVERSION = YES;
				CLANG_WARN_INFINITE_RECURSION = YES;
				CLANG_WARN_INT_CONVERSION = YES;
				CLANG_WARN_NON_LITERAL_NULL_CONVERSION = YES;
				CLANG_WARN_OBJC_LITERAL_CONVERSION = YES;
				CLANG_WARN_OBJC_ROOT_CLASS = YES_ERROR;
				CLANG_WARN_RANGE_LOOP_ANALYSIS = YES;
				CLANG_WARN_STRICT_PROTOTYPES = YES;
				CLANG_WARN_SUSPICIOUS_MOVE = YES;
				CLANG_WARN_UNGUARDED_AVAILABILITY = YES_AGGRESSIVE;
				CLANG_WARN_UNREACHABLE_CODE = YES;
				CLANG_WARN__DUPLICATE_METHOD_MATCH = YES;
				CODE_SIGN_IDENTITY = "iPhone Developer";
				COPY_PHASE_STRIP = NO;
				DEBUG_INFORMATION_FORMAT = dwarf;
				ENABLE_STRICT_OBJC_MSGSEND = YES;
				ENABLE_TESTABILITY = YES;
				GCC_C_LANGUAGE_STANDARD = gnu11;
				GCC_DYNAMIC_NO_PIC = NO;
				GCC_NO_COMMON_BLOCKS = YES;
				GCC_OPTIMIZATION_LEVEL = 0;
				GCC_PREPROCESSOR_DEFINITIONS = (
					"DEBUG=1",
					"$(inherited)",
				);
				GCC_WARN_64_TO_32_BIT_CONVERSION = YES;
				GCC_WARN_ABOUT_RETURN_TYPE = YES_ERROR;
				GCC_WARN_UNDECLARED_SELECTOR = YES;
				GCC_WARN_UNINITIALIZED_AUTOS = YES_AGGRESSIVE;
				GCC_WARN_UNUSED_FUNCTION = YES;
				GCC_WARN_UNUSED_VARIABLE = YES;
				IPHONEOS_DEPLOYMENT_TARGET = 11.2;
				MTL_ENABLE_DEBUG_INFO = YES;
				ONLY_ACTIVE_ARCH = YES;
				SDKROOT = iphoneos;
				SWIFT_ACTIVE_COMPILATION_CONDITIONS = DEBUG;
				SWIFT_OPTIMIZATION_LEVEL = "-Onone";
			};
			name = Debug;
		};
		3742EB5A206357CB004DFB85 /* Release */ = {
			isa = XCBuildConfiguration;
			buildSettings = {
				ALWAYS_SEARCH_USER_PATHS = NO;
				CLANG_ANALYZER_NONNULL = YES;
				CLANG_ANALYZER_NUMBER_OBJECT_CONVERSION = YES_AGGRESSIVE;
				CLANG_CXX_LANGUAGE_STANDARD = "gnu++14";
				CLANG_CXX_LIBRARY = "libc++";
				CLANG_ENABLE_MODULES = YES;
				CLANG_ENABLE_OBJC_ARC = YES;
				CLANG_WARN_BLOCK_CAPTURE_AUTORELEASING = YES;
				CLANG_WARN_BOOL_CONVERSION = YES;
				CLANG_WARN_COMMA = YES;
				CLANG_WARN_CONSTANT_CONVERSION = YES;
				CLANG_WARN_DIRECT_OBJC_ISA_USAGE = YES_ERROR;
				CLANG_WARN_DOCUMENTATION_COMMENTS = YES;
				CLANG_WARN_EMPTY_BODY = YES;
				CLANG_WARN_ENUM_CONVERSION = YES;
				CLANG_WARN_INFINITE_RECURSION = YES;
				CLANG_WARN_INT_CONVERSION = YES;
				CLANG_WARN_NON_LITERAL_NULL_CONVERSION = YES;
				CLANG_WARN_OBJC_LITERAL_CONVERSION = YES;
				CLANG_WARN_OBJC_ROOT_CLASS = YES_ERROR;
				CLANG_WARN_RANGE_LOOP_ANALYSIS = YES;
				CLANG_WARN_STRICT_PROTOTYPES = YES;
				CLANG_WARN_SUSPICIOUS_MOVE = YES;
				CLANG_WARN_UNGUARDED_AVAILABILITY = YES_AGGRESSIVE;
				CLANG_WARN_UNREACHABLE_CODE = YES;
				CLANG_WARN__DUPLICATE_METHOD_MATCH = YES;
				CODE_SIGN_IDENTITY = "iPhone Developer";
				COPY_PHASE_STRIP = NO;
				DEBUG_INFORMATION_FORMAT = "dwarf-with-dsym";
				ENABLE_NS_ASSERTIONS = NO;
				ENABLE_STRICT_OBJC_MSGSEND = YES;
				GCC_C_LANGUAGE_STANDARD = gnu11;
				GCC_NO_COMMON_BLOCKS = YES;
				GCC_WARN_64_TO_32_BIT_CONVERSION = YES;
				GCC_WARN_ABOUT_RETURN_TYPE = YES_ERROR;
				GCC_WARN_UNDECLARED_SELECTOR = YES;
				GCC_WARN_UNINITIALIZED_AUTOS = YES_AGGRESSIVE;
				GCC_WARN_UNUSED_FUNCTION = YES;
				GCC_WARN_UNUSED_VARIABLE = YES;
				IPHONEOS_DEPLOYMENT_TARGET = 11.2;
				MTL_ENABLE_DEBUG_INFO = NO;
				SDKROOT = iphoneos;
				SWIFT_OPTIMIZATION_LEVEL = "-Owholemodule";
				VALIDATE_PRODUCT = YES;
			};
			name = Release;
		};
		3742EB5C206357CB004DFB85 /* Debug */ = {
			isa = XCBuildConfiguration;
			buildSettings = {
				ASSETCATALOG_COMPILER_APPICON_NAME = AppIcon;
				CODE_SIGN_STYLE = Automatic;
				DEVELOPMENT_TEAM = WW3B74SE3Q;
				INFOPLIST_FILE = SDToastToolDemo/Info.plist;
				LD_RUNPATH_SEARCH_PATHS = "$(inherited) @executable_path/Frameworks";
				PRODUCT_BUNDLE_IDENTIFIER = net.ishandian.app.SDToastToolDemo;
				PRODUCT_NAME = "$(TARGET_NAME)";
				SWIFT_VERSION = 4.0;
				TARGETED_DEVICE_FAMILY = "1,2";
			};
			name = Debug;
		};
		3742EB5D206357CB004DFB85 /* Release */ = {
			isa = XCBuildConfiguration;
			buildSettings = {
				ASSETCATALOG_COMPILER_APPICON_NAME = AppIcon;
				CODE_SIGN_STYLE = Automatic;
				DEVELOPMENT_TEAM = WW3B74SE3Q;
				INFOPLIST_FILE = SDToastToolDemo/Info.plist;
				LD_RUNPATH_SEARCH_PATHS = "$(inherited) @executable_path/Frameworks";
				PRODUCT_BUNDLE_IDENTIFIER = net.ishandian.app.SDToastToolDemo;
				PRODUCT_NAME = "$(TARGET_NAME)";
				SWIFT_VERSION = 4.0;
				TARGETED_DEVICE_FAMILY = "1,2";
			};
			name = Release;
		};
		3742EB5F206357CB004DFB85 /* Debug */ = {
			isa = XCBuildConfiguration;
			buildSettings = {
				ALWAYS_EMBED_SWIFT_STANDARD_LIBRARIES = YES;
				BUNDLE_LOADER = "$(TEST_HOST)";
				CODE_SIGN_STYLE = Automatic;
				DEVELOPMENT_TEAM = WW3B74SE3Q;
				INFOPLIST_FILE = SDToastToolDemoTests/Info.plist;
				LD_RUNPATH_SEARCH_PATHS = "$(inherited) @executable_path/Frameworks @loader_path/Frameworks";
				PRODUCT_BUNDLE_IDENTIFIER = net.ishandian.app.SDToastToolDemoTests;
				PRODUCT_NAME = "$(TARGET_NAME)";
				SWIFT_VERSION = 4.0;
				TARGETED_DEVICE_FAMILY = "1,2";
				TEST_HOST = "$(BUILT_PRODUCTS_DIR)/SDToastToolDemo.app/SDToastToolDemo";
			};
			name = Debug;
		};
		3742EB60206357CB004DFB85 /* Release */ = {
			isa = XCBuildConfiguration;
			buildSettings = {
				ALWAYS_EMBED_SWIFT_STANDARD_LIBRARIES = YES;
				BUNDLE_LOADER = "$(TEST_HOST)";
				CODE_SIGN_STYLE = Automatic;
				DEVELOPMENT_TEAM = WW3B74SE3Q;
				INFOPLIST_FILE = SDToastToolDemoTests/Info.plist;
				LD_RUNPATH_SEARCH_PATHS = "$(inherited) @executable_path/Frameworks @loader_path/Frameworks";
				PRODUCT_BUNDLE_IDENTIFIER = net.ishandian.app.SDToastToolDemoTests;
				PRODUCT_NAME = "$(TARGET_NAME)";
				SWIFT_VERSION = 4.0;
				TARGETED_DEVICE_FAMILY = "1,2";
				TEST_HOST = "$(BUILT_PRODUCTS_DIR)/SDToastToolDemo.app/SDToastToolDemo";
			};
			name = Release;
		};
		3742EB62206357CB004DFB85 /* Debug */ = {
			isa = XCBuildConfiguration;
			buildSettings = {
				ALWAYS_EMBED_SWIFT_STANDARD_LIBRARIES = YES;
				CODE_SIGN_STYLE = Automatic;
				DEVELOPMENT_TEAM = WW3B74SE3Q;
				INFOPLIST_FILE = SDToastToolDemoUITests/Info.plist;
				LD_RUNPATH_SEARCH_PATHS = "$(inherited) @executable_path/Frameworks @loader_path/Frameworks";
				PRODUCT_BUNDLE_IDENTIFIER = net.ishandian.app.SDToastToolDemoUITests;
				PRODUCT_NAME = "$(TARGET_NAME)";
				SWIFT_VERSION = 4.0;
				TARGETED_DEVICE_FAMILY = "1,2";
				TEST_TARGET_NAME = SDToastToolDemo;
			};
			name = Debug;
		};
		3742EB63206357CB004DFB85 /* Release */ = {
			isa = XCBuildConfiguration;
			buildSettings = {
				ALWAYS_EMBED_SWIFT_STANDARD_LIBRARIES = YES;
				CODE_SIGN_STYLE = Automatic;
				DEVELOPMENT_TEAM = WW3B74SE3Q;
				INFOPLIST_FILE = SDToastToolDemoUITests/Info.plist;
				LD_RUNPATH_SEARCH_PATHS = "$(inherited) @executable_path/Frameworks @loader_path/Frameworks";
				PRODUCT_BUNDLE_IDENTIFIER = net.ishandian.app.SDToastToolDemoUITests;
				PRODUCT_NAME = "$(TARGET_NAME)";
				SWIFT_VERSION = 4.0;
				TARGETED_DEVICE_FAMILY = "1,2";
				TEST_TARGET_NAME = SDToastToolDemo;
			};
			name = Release;
		};
/* End XCBuildConfiguration section */

/* Begin XCConfigurationList section */
		3742EB2E206357CB004DFB85 /* Build configuration list for PBXProject "SDToastToolDemo" */ = {
			isa = XCConfigurationList;
			buildConfigurations = (
				3742EB59206357CB004DFB85 /* Debug */,
				3742EB5A206357CB004DFB85 /* Release */,
			);
			defaultConfigurationIsVisible = 0;
			defaultConfigurationName = Release;
		};
		3742EB5B206357CB004DFB85 /* Build configuration list for PBXNativeTarget "SDToastToolDemo" */ = {
			isa = XCConfigurationList;
			buildConfigurations = (
				3742EB5C206357CB004DFB85 /* Debug */,
				3742EB5D206357CB004DFB85 /* Release */,
			);
			defaultConfigurationIsVisible = 0;
			defaultConfigurationName = Release;
		};
		3742EB5E206357CB004DFB85 /* Build configuration list for PBXNativeTarget "SDToastToolDemoTests" */ = {
			isa = XCConfigurationList;
			buildConfigurations = (
				3742EB5F206357CB004DFB85 /* Debug */,
				3742EB60206357CB004DFB85 /* Release */,
			);
			defaultConfigurationIsVisible = 0;
			defaultConfigurationName = Release;
		};
		3742EB61206357CB004DFB85 /* Build configuration list for PBXNativeTarget "SDToastToolDemoUITests" */ = {
			isa = XCConfigurationList;
			buildConfigurations = (
				3742EB62206357CB004DFB85 /* Debug */,
				3742EB63206357CB004DFB85 /* Release */,
			);
			defaultConfigurationIsVisible = 0;
			defaultConfigurationName = Release;
		};
/* End XCConfigurationList section */
	};
	rootObject = 3742EB2B206357CB004DFB85 /* Project object */;
}
